
Microsoft Visual Studio Solution File, Format Version 12.00
# Visual Studio Version 17
VisualStudioVersion = 17.5.33414.496
MinimumVisualStudioVersion = 10.0.40219.1
Project("{FAE04EC0-301F-11D3-BF4B-00C04F79EFBC}") = "BT", "BT.csproj", "{9B329AC3-8B69-4690-8A8A-DD50A28783D8}"
EndProject
Global
	GlobalSection(SolutionConfigurationPlatforms) = preSolution
		Debug|Any CPU = Debug|Any CPU
		Release|Any CPU = Release|Any CPU
	EndGlobalSection
	GlobalSection(ProjectConfigurationPlatforms) = postSolution
		{9B329AC3-8B69-4690-8A8A-DD50A28783D8}.Debug|Any CPU.ActiveCfg = Debug|Any CPU
		{9B329AC3-8B69-4690-8A8A-DD50A28783D8}.Debug|Any CPU.Build.0 = Debug|Any CPU
		{9B329AC3-8B69-4690-8A8A-DD50A28783D8}.Release|Any CPU.ActiveCfg = Release|Any CPU
		{9B329AC3-8B69-4690-8A8A-DD50A28783D8}.Release|Any CPU.Build.0 = Release|Any CPU
	EndGlobalSection
	GlobalSection(SolutionProperties) = preSolution
		HideSolutionNode = FALSE
	EndGlobalSection
	GlobalSection(ExtensibilityGlobals) = postSolution
		SolutionGuid = {7128C182-B1C1-4658-BB5A-C229695CD050}
	EndGlobalSection
EndGlobal
